
Microsoft Visual Studio Solution File, Format Version 12.00
# Visual Studio Version 16
VisualStudioVersion = 16.0.31005.135
MinimumVisualStudioVersion = 10.0.40219.1
Project("{FAE04EC0-301F-11D3-BF4B-00C04F79EFBC}") = "Project", "Project\Project.csproj", "{3CAB4E0B-CD02-4A61-AB3F-C89799C0FD87}"
EndProject
Project("{FAE04EC0-301F-11D3-BF4B-00C04F79EFBC}") = "Project.tests", "Project.tests\Project.tests.csproj", "{477767E1-FB82-409B-9D63-B8DCB7AED9AB}"
EndProject
Global
	GlobalSection(SolutionConfigurationPlatforms) = preSolution
		Debug|Any CPU = Debug|Any CPU
		Release|Any CPU = Release|Any CPU
	EndGlobalSection
	GlobalSection(ProjectConfigurationPlatforms) = postSolution
		{3CAB4E0B-CD02-4A61-AB3F-C89799C0FD87}.Debug|Any CPU.ActiveCfg = Debug|Any CPU
		{3CAB4E0B-CD02-4A61-AB3F-C89799C0FD87}.Debug|Any CPU.Build.0 = Debug|Any CPU
		{3CAB4E0B-CD02-4A61-AB3F-C89799C0FD87}.Release|Any CPU.ActiveCfg = Release|Any CPU
		{3CAB4E0B-CD02-4A61-AB3F-C89799C0FD87}.Release|Any CPU.Build.0 = Release|Any CPU
		{477767E1-FB82-409B-9D63-B8DCB7AED9AB}.Debug|Any CPU.ActiveCfg = Debug|Any CPU
		{477767E1-FB82-409B-9D63-B8DCB7AED9AB}.Debug|Any CPU.Build.0 = Debug|Any CPU
		{477767E1-FB82-409B-9D63-B8DCB7AED9AB}.Release|Any CPU.ActiveCfg = Release|Any CPU
		{477767E1-FB82-409B-9D63-B8DCB7AED9AB}.Release|Any CPU.Build.0 = Release|Any CPU
	EndGlobalSection
	GlobalSection(SolutionProperties) = preSolution
		HideSolutionNode = FALSE
	EndGlobalSection
	GlobalSection(ExtensibilityGlobals) = postSolution
		SolutionGuid = {485EC3BE-E5B0-4810-B304-A33D12A2B289}
	EndGlobalSection
EndGlobal
